
Microsoft Visual Studio Solution File, Format Version 12.00
# Visual Studio Version 16
VisualStudioVersion = 16.0.31112.23
MinimumVisualStudioVersion = 10.0.40219.1
Project("{FAE04EC0-301F-11D3-BF4B-00C04F79EFBC}") = "CurConDin0", "CurConDin0.csproj", "{797CB4A2-1D0D-40E7-8911-19F9ADAC00D7}"
EndProject
Global
	GlobalSection(SolutionConfigurationPlatforms) = preSolution
		Debug|Any CPU = Debug|Any CPU
		Release|Any CPU = Release|Any CPU
	EndGlobalSection
	GlobalSection(ProjectConfigurationPlatforms) = postSolution
		{797CB4A2-1D0D-40E7-8911-19F9ADAC00D7}.Debug|Any CPU.ActiveCfg = Debug|Any CPU
		{797CB4A2-1D0D-40E7-8911-19F9ADAC00D7}.Debug|Any CPU.Build.0 = Debug|Any CPU
		{797CB4A2-1D0D-40E7-8911-19F9ADAC00D7}.Release|Any CPU.ActiveCfg = Release|Any CPU
		{797CB4A2-1D0D-40E7-8911-19F9ADAC00D7}.Release|Any CPU.Build.0 = Release|Any CPU
	EndGlobalSection
	GlobalSection(SolutionProperties) = preSolution
		HideSolutionNode = FALSE
	EndGlobalSection
	GlobalSection(ExtensibilityGlobals) = postSolution
		SolutionGuid = {A38C5492-F315-4F05-972A-8EEFA7EE929F}
	EndGlobalSection
EndGlobal
